
Microsoft Visual Studio Solution File, Format Version 12.00
# Visual Studio Version 17
VisualStudioVersion = 17.1.32414.318
MinimumVisualStudioVersion = 10.0.40219.1
Project("{FAE04EC0-301F-11D3-BF4B-00C04F79EFBC}") = "REF_VS_OUT", "REF_VS_OUT\REF_VS_OUT.csproj", "{3B443CFA-5FD2-4474-97A4-9E128ADEFA6C}"
EndProject
Global
	GlobalSection(SolutionConfigurationPlatforms) = preSolution
		Debug|Any CPU = Debug|Any CPU
		Release|Any CPU = Release|Any CPU
	EndGlobalSection
	GlobalSection(ProjectConfigurationPlatforms) = postSolution
		{3B443CFA-5FD2-4474-97A4-9E128ADEFA6C}.Debug|Any CPU.ActiveCfg = Debug|Any CPU
		{3B443CFA-5FD2-4474-97A4-9E128ADEFA6C}.Debug|Any CPU.Build.0 = Debug|Any CPU
		{3B443CFA-5FD2-4474-97A4-9E128ADEFA6C}.Release|Any CPU.ActiveCfg = Release|Any CPU
		{3B443CFA-5FD2-4474-97A4-9E128ADEFA6C}.Release|Any CPU.Build.0 = Release|Any CPU
	EndGlobalSection
	GlobalSection(SolutionProperties) = preSolution
		HideSolutionNode = FALSE
	EndGlobalSection
	GlobalSection(ExtensibilityGlobals) = postSolution
		SolutionGuid = {603F72C4-86F3-4A02-B773-12AE274B3072}
	EndGlobalSection
EndGlobal
